{
    "_meta": {
        "hash": {
            "sha256": "41e4de203c2ddee963778bfa47f350fa3e73c7873f1b5eea19a399b7a15e1d6a"
        },
        "pipfile-spec": 6,
        "requires": {
            "python_version": "3.10"
        },
        "sources": [
            {
                "name": "pypi",
                "url": "https://pypi.org/simple",
                "verify_ssl": true
            }
        ]
    },
    "default": {
        "importlib-metadata": {
            "hashes": [
                "sha256:1aaf550d4f73e5d6783e7acb77aec43d49da8017410afae93822cc9cca98c4d4",
                "sha256:cb52082e659e97afc5dac71e79de97d8681de3aa07ff18578330904a9d18e5b5"
            ],
            "markers": "python_version >= '3.7'",
            "version": "==6.7.0"
        },
        "linkify-it-py": {
            "hashes": [
                "sha256:19f3060727842c254c808e99d465c80c49d2c7306788140987a1a7a29b0d6ad2",
                "sha256:a3a24428f6c96f27370d7fe61d2ac0be09017be5190d68d8658233171f1b6541"
            ],
            "version": "==2.0.2"
        },
        "markdown-it-py": {
            "extras": [
                "linkify",
                "plugins"
            ],
            "hashes": [
                "sha256:355216845c60bd96232cd8d8c40e8f9765cc86f46880e43a8fd22dc1a1a8cab1",
                "sha256:e3f60a94fa066dc52ec76661e37c851cb232d92f9886b15cb560aaada2df8feb"
            ],
            "markers": "python_version >= '3.8'",
            "version": "==3.0.0"
        },
        "mdit-py-plugins": {
            "hashes": [
                "sha256:b51b3bb70691f57f974e257e367107857a93b36f322a9e6d44ca5bf28ec2def9",
                "sha256:d8ab27e9aed6c38aa716819fedfde15ca275715955f8a185a8e1cf90fb1d2c1b"
            ],
            "version": "==0.4.0"
        },
        "mdurl": {
            "hashes": [
                "sha256:84008a41e51615a49fc9966191ff91509e3c40b939176e643fd50a5c2196b8f8",
                "sha256:bb413d29f5eea38f31dd4754dd7377d4465116fb207585f97bf925588687c1ba"
            ],
            "markers": "python_version >= '3.7'",
            "version": "==0.1.2"
        },
        "pygments": {
            "hashes": [
                "sha256:8ace4d3c1dd481894b2005f560ead0f9f19ee64fe983366be1a21e171d12775c",
                "sha256:db2db3deb4b4179f399a09054b023b6a586b76499d36965813c71aa8ed7b5fd1"
            ],
            "markers": "python_version >= '3.7'",
            "version": "==2.15.1"
        },
        "rich": {
            "hashes": [
                "sha256:8f87bc7ee54675732fa66a05ebfe489e27264caeeff3728c945d25971b6485ec",
                "sha256:d653d6bccede5844304c605d5aac802c7cf9621efd700b46c7ec2b51ea914898"
            ],
            "markers": "python_full_version >= '3.7.0'",
            "version": "==13.4.2"
        },
        "textual": {
            "extras": [
                "dev"
            ],
            "hashes": [
                "sha256:7eb87b6d007dc9bd08e00e893b860ecb7a11ca815c8866db39fe17ec547e2fcf",
                "sha256:949fd8f16a412404ba785605dda1e2fab8166656e4d29d4177ec63cd73ba83d4"
            ],
            "index": "pypi",
            "version": "==0.29.0"
        },
        "typing-extensions": {
            "hashes": [
                "sha256:440d5dd3af93b060174bf433bccd69b0babc3b15b1a8dca43789fd7f61514b36",
                "sha256:b75ddc264f0ba5615db7ba217daeb99701ad295353c45f9e95963337ceeeffb2"
            ],
            "markers": "python_version >= '3.7'",
            "version": "==4.7.1"
        },
        "uc-micro-py": {
            "hashes": [
                "sha256:30ae2ac9c49f39ac6dce743bd187fcd2b574b16ca095fa74cd9396795c954c54",
                "sha256:8c9110c309db9d9e87302e2f4ad2c3152770930d88ab385cd544e7a7e75f3de0"
            ],
            "markers": "python_version >= '3.7'",
            "version": "==1.0.2"
        },
        "zipp": {
            "hashes": [
                "sha256:112929ad649da941c23de50f356a2b5570c954b65150642bccdd66bf194d224b",
                "sha256:48904fc76a60e542af151aded95726c1a5c34ed43ab4134b597665c86d7ad556"
            ],
            "markers": "python_version >= '3.7'",
            "version": "==3.15.0"
        }
    },
    "develop": {}
}
